
Microsoft Visual Studio Solution File, Format Version 12.00
# Visual Studio 14
VisualStudioVersion = 14.0.25420.1
MinimumVisualStudioVersion = 10.0.40219.1
Project("{F2A71F9B-5D33-465A-A702-920D77279786}") = "Figs.Common", "Figs.Common\Figs.Common.fsproj", "{0DF95B45-8746-4D4B-AAF4-170886ADF7F4}"
EndProject
Project("{F2A71F9B-5D33-465A-A702-920D77279786}") = "Figs.Common.Tests", "Figs.Common.Tests\Figs.Common.Tests.fsproj", "{3FCA34CA-5AE1-43A6-8161-33D73B64305F}"
EndProject
Project("{2150E333-8FDC-42A3-9474-1A3956D46DE8}") = "file type samples", "file type samples", "{C06F609B-23C5-4F32-A44B-9D485139102C}"
	ProjectSection(SolutionItems) = preProject
		Figs.Common\file type samples\DotNetXmlConfig.config = Figs.Common\file type samples\DotNetXmlConfig.config
	EndProjectSection
EndProject
Global
	GlobalSection(SolutionConfigurationPlatforms) = preSolution
		Debug|Any CPU = Debug|Any CPU
		Release|Any CPU = Release|Any CPU
	EndGlobalSection
	GlobalSection(ProjectConfigurationPlatforms) = postSolution
		{0DF95B45-8746-4D4B-AAF4-170886ADF7F4}.Debug|Any CPU.ActiveCfg = Debug|Any CPU
		{0DF95B45-8746-4D4B-AAF4-170886ADF7F4}.Debug|Any CPU.Build.0 = Debug|Any CPU
		{0DF95B45-8746-4D4B-AAF4-170886ADF7F4}.Release|Any CPU.ActiveCfg = Release|Any CPU
		{0DF95B45-8746-4D4B-AAF4-170886ADF7F4}.Release|Any CPU.Build.0 = Release|Any CPU
		{3FCA34CA-5AE1-43A6-8161-33D73B64305F}.Debug|Any CPU.ActiveCfg = Debug|Any CPU
		{3FCA34CA-5AE1-43A6-8161-33D73B64305F}.Debug|Any CPU.Build.0 = Debug|Any CPU
		{3FCA34CA-5AE1-43A6-8161-33D73B64305F}.Release|Any CPU.ActiveCfg = Release|Any CPU
		{3FCA34CA-5AE1-43A6-8161-33D73B64305F}.Release|Any CPU.Build.0 = Release|Any CPU
	EndGlobalSection
	GlobalSection(SolutionProperties) = preSolution
		HideSolutionNode = FALSE
	EndGlobalSection
EndGlobal
